
Microsoft Visual Studio Solution File, Format Version 12.00
# Visual Studio Version 17
VisualStudioVersion = 17.6.33723.286
MinimumVisualStudioVersion = 10.0.40219.1
Project("{2150E333-8FDC-42A3-9474-1A3956D46DE8}") = "Doc", "Doc", "{C78A70F0-FAAE-4737-BC16-AD591F180621}"
EndProject
Project("{2150E333-8FDC-42A3-9474-1A3956D46DE8}") = "Src", "Src", "{50952120-DC83-41CD-89A2-612C696E2D82}"
EndProject
Project("{2150E333-8FDC-42A3-9474-1A3956D46DE8}") = "Common", "Common", "{4F0139AB-2E9F-4574-87CF-049B2D2506EC}"
EndProject
Project("{2150E333-8FDC-42A3-9474-1A3956D46DE8}") = "Core", "Core", "{86BD6292-E567-4939-ABEF-3E1B1F3270F0}"
EndProject
Project("{2150E333-8FDC-42A3-9474-1A3956D46DE8}") = "Infrastructure", "Infrastructure", "{33B06FAC-65E9-4D97-90A2-B7EFDCBED7A5}"
EndProject
Project("{2150E333-8FDC-42A3-9474-1A3956D46DE8}") = "Presentation", "Presentation", "{3A06C788-A060-4DA2-BE0B-437D5A4153D0}"
EndProject
Project("{2150E333-8FDC-42A3-9474-1A3956D46DE8}") = "Test", "Test", "{92967AB3-86B2-4ED9-9D94-C28F26165E8C}"
EndProject
Project("{9A19103F-16F7-4668-BE54-9A1E7A4F7556}") = "TechsnovelTechnicalTask.Domain", "TechsnovelTechnicalTask.Domain\TechsnovelTechnicalTask.Domain.csproj", "{869515CC-B034-421F-983F-6F578346A6C6}"
EndProject
Project("{FAE04EC0-301F-11D3-BF4B-00C04F79EFBC}") = "TechsnovelTechnicalTask.Application", "TechsnovelTechnicalTask.Application\TechsnovelTechnicalTask.Application.csproj", "{32AA6A95-B0ED-43E7-8EED-8CFD95144D25}"
EndProject
Project("{FAE04EC0-301F-11D3-BF4B-00C04F79EFBC}") = "TechsnovelTechnicalTask.Common", "TechsnovelTechnicalTask.Common\TechsnovelTechnicalTask.Common.csproj", "{A3CB69B2-B161-49A7-B2C1-90F448ABD2D0}"
EndProject
Global
	GlobalSection(SolutionConfigurationPlatforms) = preSolution
		Debug|Any CPU = Debug|Any CPU
		Release|Any CPU = Release|Any CPU
	EndGlobalSection
	GlobalSection(ProjectConfigurationPlatforms) = postSolution
		{869515CC-B034-421F-983F-6F578346A6C6}.Debug|Any CPU.ActiveCfg = Debug|Any CPU
		{869515CC-B034-421F-983F-6F578346A6C6}.Debug|Any CPU.Build.0 = Debug|Any CPU
		{869515CC-B034-421F-983F-6F578346A6C6}.Release|Any CPU.ActiveCfg = Release|Any CPU
		{869515CC-B034-421F-983F-6F578346A6C6}.Release|Any CPU.Build.0 = Release|Any CPU
		{32AA6A95-B0ED-43E7-8EED-8CFD95144D25}.Debug|Any CPU.ActiveCfg = Debug|Any CPU
		{32AA6A95-B0ED-43E7-8EED-8CFD95144D25}.Debug|Any CPU.Build.0 = Debug|Any CPU
		{32AA6A95-B0ED-43E7-8EED-8CFD95144D25}.Release|Any CPU.ActiveCfg = Release|Any CPU
		{32AA6A95-B0ED-43E7-8EED-8CFD95144D25}.Release|Any CPU.Build.0 = Release|Any CPU
		{A3CB69B2-B161-49A7-B2C1-90F448ABD2D0}.Debug|Any CPU.ActiveCfg = Debug|Any CPU
		{A3CB69B2-B161-49A7-B2C1-90F448ABD2D0}.Debug|Any CPU.Build.0 = Debug|Any CPU
		{A3CB69B2-B161-49A7-B2C1-90F448ABD2D0}.Release|Any CPU.ActiveCfg = Release|Any CPU
		{A3CB69B2-B161-49A7-B2C1-90F448ABD2D0}.Release|Any CPU.Build.0 = Release|Any CPU
	EndGlobalSection
	GlobalSection(SolutionProperties) = preSolution
		HideSolutionNode = FALSE
	EndGlobalSection
	GlobalSection(NestedProjects) = preSolution
		{4F0139AB-2E9F-4574-87CF-049B2D2506EC} = {50952120-DC83-41CD-89A2-612C696E2D82}
		{86BD6292-E567-4939-ABEF-3E1B1F3270F0} = {50952120-DC83-41CD-89A2-612C696E2D82}
		{33B06FAC-65E9-4D97-90A2-B7EFDCBED7A5} = {50952120-DC83-41CD-89A2-612C696E2D82}
		{3A06C788-A060-4DA2-BE0B-437D5A4153D0} = {50952120-DC83-41CD-89A2-612C696E2D82}
		{869515CC-B034-421F-983F-6F578346A6C6} = {86BD6292-E567-4939-ABEF-3E1B1F3270F0}
		{32AA6A95-B0ED-43E7-8EED-8CFD95144D25} = {86BD6292-E567-4939-ABEF-3E1B1F3270F0}
		{A3CB69B2-B161-49A7-B2C1-90F448ABD2D0} = {4F0139AB-2E9F-4574-87CF-049B2D2506EC}
	EndGlobalSection
	GlobalSection(ExtensibilityGlobals) = postSolution
		SolutionGuid = {750BED8A-3065-4CF4-9AED-61712AF9665F}
	EndGlobalSection
EndGlobal
